<Solution>
  <Configurations>
    <Platform Name="Any CPU" />
    <Platform Name="x64" />
    <Platform Name="x86" />
  </Configurations>
  <Folder Name="/Client/">
    <Project Path="Client/WTT-Campaigns.Client.csproj" />
    <Project Path="AiIntegration/WTT-Campaigns.AI.csproj" />
  </Folder>
  <Folder Name="/Server/">
    <Project Path="Server/WTT-Campaigns.Server.csproj" />
  </Folder>
  <Folder Name="/Shared/">
    <Project Path="Shared/WTT-Campaigns.Shared.csproj" />
  </Folder>
  <Folder Name="/Tests/">
    <Project Path="Tests/WTT-Campaigns.Tests.csproj" />
    <Project Path="Tests.Web/WTT-Campaigns.Web.Tests.csproj" />
  </Folder>
  <Folder Name="/UI/">
    <Project Path="UI/WTT-Campaigns.UI.csproj" />
  </Folder>
</Solution>
